
Microsoft Visual Studio Solution File, Format Version 12.00
# Visual Studio 15
VisualStudioVersion = 15.0.27703.2035
MinimumVisualStudioVersion = 10.0.40219.1
Project("{9A19103F-16F7-4668-BE54-9A1E7A4F7556}") = "TodoApi", "TodoApi\TodoApi.csproj", "{58FF2916-7276-4AFC-9796-751F578BC30C}"
EndProject
Project("{FAE04EC0-301F-11D3-BF4B-00C04F79EFBC}") = "Service", "Service\Service.csproj", "{821DF34C-D627-4490-8F35-35F87EB5E498}"
EndProject
Project("{FAE04EC0-301F-11D3-BF4B-00C04F79EFBC}") = "IService", "IService\IService.csproj", "{D9B808F6-6CE0-46E1-82D9-3A870E339ED2}"
EndProject
Global
	GlobalSection(SolutionConfigurationPlatforms) = preSolution
		Debug|Any CPU = Debug|Any CPU
		Release|Any CPU = Release|Any CPU
	EndGlobalSection
	GlobalSection(ProjectConfigurationPlatforms) = postSolution
		{58FF2916-7276-4AFC-9796-751F578BC30C}.Debug|Any CPU.ActiveCfg = Debug|Any CPU
		{58FF2916-7276-4AFC-9796-751F578BC30C}.Debug|Any CPU.Build.0 = Debug|Any CPU
		{58FF2916-7276-4AFC-9796-751F578BC30C}.Release|Any CPU.ActiveCfg = Release|Any CPU
		{58FF2916-7276-4AFC-9796-751F578BC30C}.Release|Any CPU.Build.0 = Release|Any CPU
		{821DF34C-D627-4490-8F35-35F87EB5E498}.Debug|Any CPU.ActiveCfg = Debug|Any CPU
		{821DF34C-D627-4490-8F35-35F87EB5E498}.Debug|Any CPU.Build.0 = Debug|Any CPU
		{821DF34C-D627-4490-8F35-35F87EB5E498}.Release|Any CPU.ActiveCfg = Release|Any CPU
		{821DF34C-D627-4490-8F35-35F87EB5E498}.Release|Any CPU.Build.0 = Release|Any CPU
		{D9B808F6-6CE0-46E1-82D9-3A870E339ED2}.Debug|Any CPU.ActiveCfg = Debug|Any CPU
		{D9B808F6-6CE0-46E1-82D9-3A870E339ED2}.Debug|Any CPU.Build.0 = Debug|Any CPU
		{D9B808F6-6CE0-46E1-82D9-3A870E339ED2}.Release|Any CPU.ActiveCfg = Release|Any CPU
		{D9B808F6-6CE0-46E1-82D9-3A870E339ED2}.Release|Any CPU.Build.0 = Release|Any CPU
	EndGlobalSection
	GlobalSection(SolutionProperties) = preSolution
		HideSolutionNode = FALSE
	EndGlobalSection
	GlobalSection(ExtensibilityGlobals) = postSolution
		SolutionGuid = {416A682A-DE2D-43D2-9DA6-F450C20E8260}
	EndGlobalSection
EndGlobal
